
Microsoft Visual Studio Solution File, Format Version 12.00
# Visual Studio Version 16
VisualStudioVersion = 16.0.31702.278
MinimumVisualStudioVersion = 10.0.40219.1
Project("{FAE04EC0-301F-11D3-BF4B-00C04F79EFBC}") = "Vs-2019-Github-user-experience", "Vs-2019-Github-user-experience.csproj", "{DDFFDEEA-47CC-4B79-85CC-84B81B57B5D2}"
EndProject
Global
	GlobalSection(SolutionConfigurationPlatforms) = preSolution
		Debug|Any CPU = Debug|Any CPU
		Release|Any CPU = Release|Any CPU
	EndGlobalSection
	GlobalSection(ProjectConfigurationPlatforms) = postSolution
		{DDFFDEEA-47CC-4B79-85CC-84B81B57B5D2}.Debug|Any CPU.ActiveCfg = Debug|Any CPU
		{DDFFDEEA-47CC-4B79-85CC-84B81B57B5D2}.Debug|Any CPU.Build.0 = Debug|Any CPU
		{DDFFDEEA-47CC-4B79-85CC-84B81B57B5D2}.Release|Any CPU.ActiveCfg = Release|Any CPU
		{DDFFDEEA-47CC-4B79-85CC-84B81B57B5D2}.Release|Any CPU.Build.0 = Release|Any CPU
	EndGlobalSection
	GlobalSection(SolutionProperties) = preSolution
		HideSolutionNode = FALSE
	EndGlobalSection
	GlobalSection(ExtensibilityGlobals) = postSolution
		SolutionGuid = {3F1FE138-6955-4F37-895D-2040EB14E448}
	EndGlobalSection
EndGlobal
